Microsoft Visual Studio Solution File, Format Version 12.00
# Visual Studio Version 17
VisualStudioVersion = 17.5.2.0
MinimumVisualStudioVersion = 10.0.40219.1
Project("{FAE04EC0-301F-11D3-BF4B-00C04F79EFBC}") = "api_SMI", "api_SMI.csproj", "{265CFF20-657F-A80B-F08E-C6E2974CAA9D}"
EndProject
Global
	GlobalSection(SolutionConfigurationPlatforms) = preSolution
		Debug|Any CPU = Debug|Any CPU
		Release|Any CPU = Release|Any CPU
	EndGlobalSection
	GlobalSection(ProjectConfigurationPlatforms) = postSolution
		{265CFF20-657F-A80B-F08E-C6E2974CAA9D}.Debug|Any CPU.ActiveCfg = Debug|Any CPU
		{265CFF20-657F-A80B-F08E-C6E2974CAA9D}.Debug|Any CPU.Build.0 = Debug|Any CPU
		{265CFF20-657F-A80B-F08E-C6E2974CAA9D}.Release|Any CPU.ActiveCfg = Release|Any CPU
		{265CFF20-657F-A80B-F08E-C6E2974CAA9D}.Release|Any CPU.Build.0 = Release|Any CPU
	EndGlobalSection
	GlobalSection(SolutionProperties) = preSolution
		HideSolutionNode = FALSE
	EndGlobalSection
	GlobalSection(ExtensibilityGlobals) = postSolution
		SolutionGuid = {0D6CEDB0-BF2E-418F-ABA9-B2136FE956C2}
	EndGlobalSection
EndGlobal
